// !$*UTF8*$!
{
	archiveVersion = 1;
	classes = {
	};
	objectVersion = 46;
	objects = {

/* Begin PBXBuildFile section */
		D39321351AB0967900C14729 /* main.m in Sources */ = {isa = PBXBuildFile; fileRef = D39321341AB0967900C14729 /* main.m */; };
		D39321381AB0967900C14729 /* AppDelegate.m in Sources */ = {isa = PBXBuildFile; fileRef = D39321371AB0967900C14729 /* AppDelegate.m */; };
		D393213E1AB0967900C14729 /* Main.storyboard in Resources */ = {isa = PBXBuildFile; fileRef = D393213C1AB0967900C14729 /* Main.storyboard */; };
		D39321401AB0967900C14729 /* Images.xcassets in Resources */ = {isa = PBXBuildFile; fileRef = D393213F1AB0967900C14729 /* Images.xcassets */; };
		D39321431AB0967900C14729 /* LaunchScreen.xib in Resources */ = {isa = PBXBuildFile; fileRef = D39321411AB0967900C14729 /* LaunchScreen.xib */; };
		D393214F1AB0967900C14729 /* VideoAndGoTests.m in Sources */ = {isa = PBXBuildFile; fileRef = D393214E1AB0967900C14729 /* VideoAndGoTests.m */; };
		D393215A1AB0996600C14729 /* MainMenuViewController.m in Sources */ = {isa = PBXBuildFile; fileRef = D39321591AB0996600C14729 /* MainMenuViewController.m */; };
		D393215D1AB09C2C00C14729 /* VideoViewController.m in Sources */ = {isa = PBXBuildFile; fileRef = D393215C1AB09C2C00C14729 /* VideoViewController.m */; };
/* End PBXBuildFile section */

/* Begin PBXContainerItemProxy section */
		D39321491AB0967900C14729 /* PBXContainerItemProxy */ = {
			isa = PBXContainerItemProxy;
			containerPortal = D39321271AB0967900C14729 /* Project object */;
			proxyType = 1;
			remoteGlobalIDString = D393212E1AB0967900C14729;
			remoteInfo = VideoAndGo;
		};
/* End PBXContainerItemProxy section */

/* Begin PBXFileReference section */
		D393212F1AB0967900C14729 /* VideoAndGo.app */ = {isa = PBXFileReference; explicitFileType = wrapper.application; includeInIndex = 0; path = VideoAndGo.app; sourceTree = BUILT_PRODUCTS_DIR; };
		D39321331AB0967900C14729 /* Info.plist */ = {isa = PBXFileReference; lastKnownFileType = text.plist.xml; path = Info.plist; sourceTree = "<group>"; };
		D39321341AB0967900C14729 /* main.m */ = {isa = PBXFileReference; lastKnownFileType = sourcecode.c.objc; path = main.m; sourceTree = "<group>"; };
		D39321361AB0967900C14729 /* AppDelegate.h */ = {isa = PBXFileReference; lastKnownFileType = sourcecode.c.h; path = AppDelegate.h; sourceTree = "<group>"; };
		D39321371AB0967900C14729 /* AppDelegate.m */ = {isa = PBXFileReference; lastKnownFileType = sourcecode.c.objc; path = AppDelegate.m; sourceTree = "<group>"; };
		D393213D1AB0967900C14729 /* Base */ = {isa = PBXFileReference; lastKnownFileType = file.storyboard; name = Base; path = Base.lproj/Main.storyboard; sourceTree = "<group>"; };
		D393213F1AB0967900C14729 /* Images.xcassets */ = {isa = PBXFileReference; lastKnownFileType = folder.assetcatalog; path = Images.xcassets; sourceTree = "<group>"; };
		D39321421AB0967900C14729 /* Base */ = {isa = PBXFileReference; lastKnownFileType = file.xib; name = Base; path = Base.lproj/LaunchScreen.xib; sourceTree = "<group>"; };
		D39321481AB0967900C14729 /* VideoAndGoTests.xctest */ = {isa = PBXFileReference; explicitFileType = wrapper.cfbundle; includeInIndex = 0; path = VideoAndGoTests.xctest; sourceTree = BUILT_PRODUCTS_DIR; };
		D393214D1AB0967900C14729 /* Info.plist */ = {isa = PBXFileReference; lastKnownFileType = text.plist.xml; path = Info.plist; sourceTree = "<group>"; };
		D393214E1AB0967900C14729 /* VideoAndGoTests.m */ = {isa = PBXFileReference; lastKnownFileType = sourcecode.c.objc; path = VideoAndGoTests.m; sourceTree = "<group>"; };
		D39321581AB0996600C14729 /* MainMenuViewController.h */ = {isa = PBXFileReference; fileEncoding = 4; lastKnownFileType = sourcecode.c.h; path = MainMenuViewController.h; sourceTree = "<group>"; };
		D39321591AB0996600C14729 /* MainMenuViewController.m */ = {isa = PBXFileReference; fileEncoding = 4; lastKnownFileType = sourcecode.c.objc; path = MainMenuViewController.m; sourceTree = "<group>"; };
		D393215B1AB09C2C00C14729 /* VideoViewController.h */ = {isa = PBXFileReference; fileEncoding = 4; lastKnownFileType = sourcecode.c.h; path = VideoViewController.h; sourceTree = "<group>"; };
		D393215C1AB09C2C00C14729 /* VideoViewController.m */ = {isa = PBXFileReference; fileEncoding = 4; lastKnownFileType = sourcecode.c.objc; path = VideoViewController.m; sourceTree = "<group>"; };
/* End PBXFileReference section */

/* Begin PBXFrameworksBuildPhase section */
		D393212C1AB0967900C14729 /* Frameworks */ = {
			isa = PBXFrameworksBuildPhase;
			buildActionMask = 2147483647;
			files = (
			);
			runOnlyForDeploymentPostprocessing = 0;
		};
		D39321451AB0967900C14729 /* Frameworks */ = {
			isa = PBXFrameworksBuildPhase;
			buildActionMask = 2147483647;
			files = (
			);
			runOnlyForDeploymentPostprocessing = 0;
		};
/* End PBXFrameworksBuildPhase section */

/* Begin PBXGroup section */
		D39321261AB0967900C14729 = {
			isa = PBXGroup;
			children = (
				D39321311AB0967900C14729 /* VideoAndGo */,
				D393214B1AB0967900C14729 /* VideoAndGoTests */,
				D39321301AB0967900C14729 /* Products */,
			);
			sourceTree = "<group>";
		};
		D39321301AB0967900C14729 /* Products */ = {
			isa = PBXGroup;
			children = (
				D393212F1AB0967900C14729 /* VideoAndGo.app */,
				D39321481AB0967900C14729 /* VideoAndGoTests.xctest */,
			);
			name = Products;
			sourceTree = "<group>";
		};
		D39321311AB0967900C14729 /* VideoAndGo */ = {
			isa = PBXGroup;
			children = (
				D39321361AB0967900C14729 /* AppDelegate.h */,
				D39321371AB0967900C14729 /* AppDelegate.m */,
				D393213C1AB0967900C14729 /* Main.storyboard */,
				D393215B1AB09C2C00C14729 /* VideoViewController.h */,
				D393215C1AB09C2C00C14729 /* VideoViewController.m */,
				D393213F1AB0967900C14729 /* Images.xcassets */,
				D39321411AB0967900C14729 /* LaunchScreen.xib */,
				D39321321AB0967900C14729 /* Supporting Files */,
				D39321581AB0996600C14729 /* MainMenuViewController.h */,
				D39321591AB0996600C14729 /* MainMenuViewController.m */,
			);
			path = VideoAndGo;
			sourceTree = "<group>";
		};
		D39321321AB0967900C14729 /* Supporting Files */ = {
			isa = PBXGroup;
			children = (
				D39321331AB0967900C14729 /* Info.plist */,
				D39321341AB0967900C14729 /* main.m */,
			);
			name = "Supporting Files";
			sourceTree = "<group>";
		};
		D393214B1AB0967900C14729 /* VideoAndGoTests */ = {
			isa = PBXGroup;
			children = (
				D393214E1AB0967900C14729 /* VideoAndGoTests.m */,
				D393214C1AB0967900C14729 /* Supporting Files */,
			);
			path = VideoAndGoTests;
			sourceTree = "<group>";
		};
		D393214C1AB0967900C14729 /* Supporting Files */ = {
			isa = PBXGroup;
			children = (
				D393214D1AB0967900C14729 /* Info.plist */,
			);
			name = "Supporting Files";
			sourceTree = "<group>";
		};
/* End PBXGroup section */

/* Begin PBXNativeTarget section */
		D393212E1AB0967900C14729 /* VideoAndGo */ = {
			isa = PBXNativeTarget;
			buildConfigurationList = D39321521AB0967900C14729 /* Build configuration list for PBXNativeTarget "VideoAndGo" */;
			buildPhases = (
				D393212B1AB0967900C14729 /* Sources */,
				D393212C1AB0967900C14729 /* Frameworks */,
				D393212D1AB0967900C14729 /* Resources */,
			);
			buildRules = (
			);
			dependencies = (
			);
			name = VideoAndGo;
			productName = VideoAndGo;
			productReference = D393212F1AB0967900C14729 /* VideoAndGo.app */;
			productType = "com.apple.product-type.application";
		};
		D39321471AB0967900C14729 /* VideoAndGoTests */ = {
			isa = PBXNativeTarget;
			buildConfigurationList = D39321551AB0967900C14729 /* Build configuration list for PBXNativeTarget "VideoAndGoTests" */;
			buildPhases = (
				D39321441AB0967900C14729 /* Sources */,
				D39321451AB0967900C14729 /* Frameworks */,
				D39321461AB0967900C14729 /* Resources */,
			);
			buildRules = (
			);
			dependencies = (
				D393214A1AB0967900C14729 /* PBXTargetDependency */,
			);
			name = VideoAndGoTests;
			productName = VideoAndGoTests;
			productReference = D39321481AB0967900C14729 /* VideoAndGoTests.xctest */;
			productType = "com.apple.product-type.bundle.unit-test";
		};
/* End PBXNativeTarget section */

/* Begin PBXProject section */
		D39321271AB0967900C14729 /* Project object */ = {
			isa = PBXProject;
			attributes = {
				LastUpgradeCheck = 0620;
				ORGANIZATIONNAME = "Michael Frain";
				TargetAttributes = {
					D393212E1AB0967900C14729 = {
						CreatedOnToolsVersion = 6.2;
					};
					D39321471AB0967900C14729 = {
						CreatedOnToolsVersion = 6.2;
						TestTargetID = D393212E1AB0967900C14729;
					};
				};
			};
			buildConfigurationList = D393212A1AB0967900C14729 /* Build configuration list for PBXProject "VideoAndGo" */;
			compatibilityVersion = "Xcode 3.2";
			developmentRegion = English;
			hasScannedForEncodings = 0;
			knownRegions = (
				en,
				Base,
			);
			mainGroup = D39321261AB0967900C14729;
			productRefGroup = D39321301AB0967900C14729 /* Products */;
			projectDirPath = "";
			projectRoot = "";
			targets = (
				D393212E1AB0967900C14729 /* VideoAndGo */,
				D39321471AB0967900C14729 /* VideoAndGoTests */,
			);
		};
/* End PBXProject section */

/* Begin PBXResourcesBuildPhase section */
		D393212D1AB0967900C14729 /* Resources */ = {
			isa = PBXResourcesBuildPhase;
			buildActionMask = 2147483647;
			files = (
				D393213E1AB0967900C14729 /* Main.storyboard in Resources */,
				D39321431AB0967900C14729 /* LaunchScreen.xib in Resources */,
				D39321401AB0967900C14729 /* Images.xcassets in Resources */,
			);
			runOnlyForDeploymentPostprocessing = 0;
		};
		D39321461AB0967900C14729 /* Resources */ = {
			isa = PBXResourcesBuildPhase;
			buildActionMask = 2147483647;
			files = (
			);
			runOnlyForDeploymentPostprocessing = 0;
		};
/* End PBXResourcesBuildPhase section */

/* Begin PBXSourcesBuildPhase section */
		D393212B1AB0967900C14729 /* Sources */ = {
			isa = PBXSourcesBuildPhase;
			buildActionMask = 2147483647;
			files = (
				D39321381AB0967900C14729 /* AppDelegate.m in Sources */,
				D393215A1AB0996600C14729 /* MainMenuViewController.m in Sources */,
				D393215D1AB09C2C00C14729 /* VideoViewController.m in Sources */,
				D39321351AB0967900C14729 /* main.m in Sources */,
			);
			runOnlyForDeploymentPostprocessing = 0;
		};
		D39321441AB0967900C14729 /* Sources */ = {
			isa = PBXSourcesBuildPhase;
			buildActionMask = 2147483647;
			files = (
				D393214F1AB0967900C14729 /* VideoAndGoTests.m in Sources */,
			);
			runOnlyForDeploymentPostprocessing = 0;
		};
/* End PBXSourcesBuildPhase section */

/* Begin PBXTargetDependency section */
		D393214A1AB0967900C14729 /* PBXTargetDependency */ = {
			isa = PBXTargetDependency;
			target = D393212E1AB0967900C14729 /* VideoAndGo */;
			targetProxy = D39321491AB0967900C14729 /* PBXContainerItemProxy */;
		};
/* End PBXTargetDependency section */

/* Begin PBXVariantGroup section */
		D393213C1AB0967900C14729 /* Main.storyboard */ = {
			isa = PBXVariantGroup;
			children = (
				D393213D1AB0967900C14729 /* Base */,
			);
			name = Main.storyboard;
			sourceTree = "<group>";
		};
		D39321411AB0967900C14729 /* LaunchScreen.xib */ = {
			isa = PBXVariantGroup;
			children = (
				D39321421AB0967900C14729 /* Base */,
			);
			name = LaunchScreen.xib;
			sourceTree = "<group>";
		};
/* End PBXVariantGroup section */

/* Begin XCBuildConfiguration section */
		D39321501AB0967900C14729 /* Debug */ = {
			isa = XCBuildConfiguration;
			buildSettings = {
				ALWAYS_SEARCH_USER_PATHS = NO;
				CLANG_CXX_LANGUAGE_STANDARD = "gnu++0x";
				CLANG_CXX_LIBRARY = "libc++";
				CLANG_ENABLE_MODULES = YES;
				CLANG_ENABLE_OBJC_ARC = YES;
				CLANG_WARN_BOOL_CONVERSION = YES;
				CLANG_WARN_CONSTANT_CONVERSION = YES;
				CLANG_WARN_DIRECT_OBJC_ISA_USAGE = YES_ERROR;
				CLANG_WARN_EMPTY_BODY = YES;
				CLANG_WARN_ENUM_CONVERSION = YES;
				CLANG_WARN_INT_CONVERSION = YES;
				CLANG_WARN_OBJC_ROOT_CLASS = YES_ERROR;
				CLANG_WARN_UNREACHABLE_CODE = YES;
				CLANG_WARN__DUPLICATE_METHOD_MATCH = YES;
				"CODE_SIGN_IDENTITY[sdk=iphoneos*]" = "iPhone Developer";
				COPY_PHASE_STRIP = NO;
				ENABLE_STRICT_OBJC_MSGSEND = YES;
				GCC_C_LANGUAGE_STANDARD = gnu99;
				GCC_DYNAMIC_NO_PIC = NO;
				GCC_OPTIMIZATION_LEVEL = 0;
				GCC_PREPROCESSOR_DEFINITIONS = (
					"DEBUG=1",
					"$(inherited)",
				);
				GCC_SYMBOLS_PRIVATE_EXTERN = NO;
				GCC_WARN_64_TO_32_BIT_CONVERSION = YES;
				GCC_WARN_ABOUT_RETURN_TYPE = YES_ERROR;
				GCC_WARN_UNDECLARED_SELECTOR = YES;
				GCC_WARN_UNINITIALIZED_AUTOS = YES_AGGRESSIVE;
				GCC_WARN_UNUSED_FUNCTION = YES;
				GCC_WARN_UNUSED_VARIABLE = YES;
				IPHONEOS_DEPLOYMENT_TARGET = 8.2;
				MTL_ENABLE_DEBUG_INFO = YES;
				ONLY_ACTIVE_ARCH = YES;
				SDKROOT = iphoneos;
				TARGETED_DEVICE_FAMILY = "1,2";
			};
			name = Debug;
		};
		D39321511AB0967900C14729 /* Release */ = {
			isa = XCBuildConfiguration;
			buildSettings = {
				ALWAYS_SEARCH_USER_PATHS = NO;
				CLANG_CXX_LANGUAGE_STANDARD = "gnu++0x";
				CLANG_CXX_LIBRARY = "libc++";
				CLANG_ENABLE_MODULES = YES;
				CLANG_ENABLE_OBJC_ARC = YES;
				CLANG_WARN_BOOL_CONVERSION = YES;
				CLANG_WARN_CONSTANT_CONVERSION = YES;
				CLANG_WARN_DIRECT_OBJC_ISA_USAGE = YES_ERROR;
				CLANG_WARN_EMPTY_BODY = YES;
				CLANG_WARN_ENUM_CONVERSION = YES;
				CLANG_WARN_INT_CONVERSION = YES;
				CLANG_WARN_OBJC_ROOT_CLASS = YES_ERROR;
				CLANG_WARN_UNREACHABLE_CODE = YES;
				CLANG_WARN__DUPLICATE_METHOD_MATCH = YES;
				"CODE_SIGN_IDENTITY[sdk=iphoneos*]" = "iPhone Developer";
				COPY_PHASE_STRIP = NO;
				ENABLE_NS_ASSERTIONS = NO;
				ENABLE_STRICT_OBJC_MSGSEND = YES;
				GCC_C_LANGUAGE_STANDARD = gnu99;
				GCC_WARN_64_TO_32_BIT_CONVERSION = YES;
				GCC_WARN_ABOUT_RETURN_TYPE = YES_ERROR;
				GCC_WARN_UNDECLARED_SELECTOR = YES;
				GCC_WARN_UNINITIALIZED_AUTOS = YES_AGGRESSIVE;
				GCC_WARN_UNUSED_FUNCTION = YES;
				GCC_WARN_UNUSED_VARIABLE = YES;
				IPHONEOS_DEPLOYMENT_TARGET = 8.2;
				MTL_ENABLE_DEBUG_INFO = NO;
				SDKROOT = iphoneos;
				TARGETED_DEVICE_FAMILY = "1,2";
				VALIDATE_PRODUCT = YES;
			};
			name = Release;
		};
		D39321531AB0967900C14729 /* Debug */ = {
			isa = XCBuildConfiguration;
			buildSettings = {
				ASSETCATALOG_COMPILER_APPICON_NAME = AppIcon;
				INFOPLIST_FILE = VideoAndGo/Info.plist;
				LD_RUNPATH_SEARCH_PATHS = "$(inherited) @executable_path/Frameworks";
				PRODUCT_NAME = "$(TARGET_NAME)";
			};
			name = Debug;
		};
		D39321541AB0967900C14729 /* Release */ = {
			isa = XCBuildConfiguration;
			buildSettings = {
				ASSETCATALOG_COMPILER_APPICON_NAME = AppIcon;
				INFOPLIST_FILE = VideoAndGo/Info.plist;
				LD_RUNPATH_SEARCH_PATHS = "$(inherited) @executable_path/Frameworks";
				PRODUCT_NAME = "$(TARGET_NAME)";
			};
			name = Release;
		};
		D39321561AB0967900C14729 /* Debug */ = {
			isa = XCBuildConfiguration;
			buildSettings = {
				BUNDLE_LOADER = "$(TEST_HOST)";
				FRAMEWORK_SEARCH_PATHS = (
					"$(SDKROOT)/Developer/Library/Frameworks",
					"$(inherited)",
				);
				GCC_PREPROCESSOR_DEFINITIONS = (
					"DEBUG=1",
					"$(inherited)",
				);
				INFOPLIST_FILE = VideoAndGoTests/Info.plist;
				LD_RUNPATH_SEARCH_PATHS = "$(inherited) @executable_path/Frameworks @loader_path/Frameworks";
				PRODUCT_NAME = "$(TARGET_NAME)";
				TEST_HOST = "$(BUILT_PRODUCTS_DIR)/VideoAndGo.app/VideoAndGo";
			};
			name = Debug;
		};
		D39321571AB0967900C14729 /* Release */ = {
			isa = XCBuildConfiguration;
			buildSettings = {
				BUNDLE_LOADER = "$(TEST_HOST)";
				FRAMEWORK_SEARCH_PATHS = (
					"$(SDKROOT)/Developer/Library/Frameworks",
					"$(inherited)",
				);
				INFOPLIST_FILE = VideoAndGoTests/Info.plist;
				LD_RUNPATH_SEARCH_PATHS = "$(inherited) @executable_path/Frameworks @loader_path/Frameworks";
				PRODUCT_NAME = "$(TARGET_NAME)";
				TEST_HOST = "$(BUILT_PRODUCTS_DIR)/VideoAndGo.app/VideoAndGo";
			};
			name = Release;
		};
/* End XCBuildConfiguration section */

/* Begin XCConfigurationList section */
		D393212A1AB0967900C14729 /* Build configuration list for PBXProject "VideoAndGo" */ = {
			isa = XCConfigurationList;
			buildConfigurations = (
				D39321501AB0967900C14729 /* Debug */,
				D39321511AB0967900C14729 /* Release */,
			);
			defaultConfigurationIsVisible = 0;
			defaultConfigurationName = Release;
		};
		D39321521AB0967900C14729 /* Build configuration list for PBXNativeTarget "VideoAndGo" */ = {
			isa = XCConfigurationList;
			buildConfigurations = (
				D39321531AB0967900C14729 /* Debug */,
				D39321541AB0967900C14729 /* Release */,
			);
			defaultConfigurationIsVisible = 0;
		};
		D39321551AB0967900C14729 /* Build configuration list for PBXNativeTarget "VideoAndGoTests" */ = {
			isa = XCConfigurationList;
			buildConfigurations = (
				D39321561AB0967900C14729 /* Debug */,
				D39321571AB0967900C14729 /* Release */,
			);
			defaultConfigurationIsVisible = 0;
		};
/* End XCConfigurationList section */
	};
	rootObject = D39321271AB0967900C14729 /* Project object */;
}
